{
  "name": "car-planner",
  "version": "0.0.1",
  "lockfileVersion": 1,
  "requires": true,
  "dependencies": {
    "@superhero/core": {
      "version": "1.8.5",
      "resolved": "https://registry.npmjs.org/@superhero/core/-/core-1.8.5.tgz",
      "integrity": "sha512-JvRF179sICxzdI0E4TQvM7LD4EAeR88HWKqBa5opUt+XKCy2OIOp8byYWUP+qHz7DbdsNsUr59e/o/FQxv1m+A==",
      "requires": {
        "@superhero/debug": "1.1.11",
        "@superhero/request": "1.0.9",
        "cookies": "0.7.2"
      },
      "dependencies": {
        "@superhero/debug": {
          "version": "1.1.11",
          "resolved": "https://registry.npmjs.org/@superhero/debug/-/debug-1.1.11.tgz",
          "integrity": "sha512-lzWzkDLN/GIn3qvkWKNR1q1I+PP7Fz3H8Y+uLkIaGc6Y4y5a1xx0VJr8nmaDE0ebti1z5GClkdZyixP+DQii3A==",
          "requires": {
            "dateformat": "3.0.2"
          }
        }
      }
    },
    "@superhero/debug": {
      "version": "1.1.4",
      "resolved": "https://registry.npmjs.org/@superhero/debug/-/debug-1.1.4.tgz",
      "integrity": "sha1-h1/DYNW6pjnQZFpPwiEywgO4GvA=",
      "requires": {
        "dateformat": "3.0.2"
      }
    },
    "@superhero/request": {
      "version": "1.0.9",
      "resolved": "https://registry.npmjs.org/@superhero/request/-/request-1.0.9.tgz",
      "integrity": "sha512-jh8Rszp6cBJt/Y1XpvtWHMx+/EGnCx7Z/x68vlhSmuPMC+QvOSCcHcG2XdjDNe38CupXSsPJlhZH1aUBUhfxiw==",
      "requires": {
        "@superhero/debug": "1.0.4"
      },
      "dependencies": {
        "@superhero/debug": {
          "version": "1.0.4",
          "resolved": "https://registry.npmjs.org/@superhero/debug/-/debug-1.0.4.tgz",
          "integrity": "sha512-jDn1lfWyutOOiv42PdNaMRl37Rf1RHerBNjYhIkIRb1GOGRSl0sS3I55SHGWkRQuQGx4EwYLRnd6gXG4NJSAGg==",
          "requires": {
            "dateformat": "3.0.2"
          }
        }
      }
    },
    "cookies": {
      "version": "0.7.2",
      "resolved": "https://registry.npmjs.org/cookies/-/cookies-0.7.2.tgz",
      "integrity": "sha512-J2JjH9T3PUNKPHknprxgCrCaZshIfxW2j49gq1E1CP5Micj1LppWAR2y9EHSQAzEiX84zOsScWNwUZ0b/ChlMw==",
      "requires": {
        "depd": "~1.1.2",
        "keygrip": "~1.0.2"
      }
    },
    "dateformat": {
      "version": "3.0.2",
      "resolved": "https://registry.npmjs.org/dateformat/-/dateformat-3.0.2.tgz",
      "integrity": "sha1-mk30v/FYrC80vGN6vbFUcWB+Flk="
    },
    "depd": {
      "version": "1.1.2",
      "resolved": "https://registry.npmjs.org/depd/-/depd-1.1.2.tgz",
      "integrity": "sha512-7emPTl6Dpo6JRXOXjLRxck+FlLRX5847cLKEn00PLAgc3g2hTZZgr+e4c2v6QpSmLeFP3n5yUo7ft6avBK/5jQ=="
    },
    "keygrip": {
      "version": "1.0.3",
      "resolved": "https://registry.npmjs.org/keygrip/-/keygrip-1.0.3.tgz",
      "integrity": "sha512-/PpesirAIfaklxUzp4Yb7xBper9MwP6hNRA6BGGUFCgbJ+BM5CKBtsoxinNXkLHAr+GXS1/lSlF2rP7cv5Fl+g=="
    }
  }
}
